// !$*UTF8*$!
{
	archiveVersion = 1;
	classes = {
	};
	objectVersion = 50;
	objects = {

/* Begin PBXBuildFile section */
		5609DB5E23A8D7D900C5C5A4 /* AppDelegate.swift in Sources */ = {isa = PBXBuildFile; fileRef = 5609DB5D23A8D7D900C5C5A4 /* AppDelegate.swift */; };
		5609DB6023A8D7D900C5C5A4 /* PopularCollectionView.swift in Sources */ = {isa = PBXBuildFile; fileRef = 5609DB5F23A8D7D900C5C5A4 /* PopularCollectionView.swift */; };
		5609DB6323A8D7D900C5C5A4 /* Main.storyboard in Resources */ = {isa = PBXBuildFile; fileRef = 5609DB6123A8D7D900C5C5A4 /* Main.storyboard */; };
		5609DB6623A8D7D900C5C5A4 /* MoviesApp_v_3.xcdatamodeld in Sources */ = {isa = PBXBuildFile; fileRef = 5609DB6423A8D7D900C5C5A4 /* MoviesApp_v_3.xcdatamodeld */; };
		5609DB6823A8D7DC00C5C5A4 /* Assets.xcassets in Resources */ = {isa = PBXBuildFile; fileRef = 5609DB6723A8D7DC00C5C5A4 /* Assets.xcassets */; };
		5609DB6B23A8D7DC00C5C5A4 /* LaunchScreen.storyboard in Resources */ = {isa = PBXBuildFile; fileRef = 5609DB6923A8D7DC00C5C5A4 /* LaunchScreen.storyboard */; };
		5609DB7623A8DCB000C5C5A4 /* UIView + Extension.swift in Sources */ = {isa = PBXBuildFile; fileRef = 5609DB7523A8DCB000C5C5A4 /* UIView + Extension.swift */; };
		5609DB7B23A8DDAA00C5C5A4 /* HorizontalCollectionCell.swift in Sources */ = {isa = PBXBuildFile; fileRef = 5609DB7923A8DDAA00C5C5A4 /* HorizontalCollectionCell.swift */; };
		5609DB7C23A8DDAA00C5C5A4 /* HorizontalCollectionCell.xib in Resources */ = {isa = PBXBuildFile; fileRef = 5609DB7A23A8DDAA00C5C5A4 /* HorizontalCollectionCell.xib */; };
		5609DB7F23A8DE2500C5C5A4 /* VerticalCollectionCell.swift in Sources */ = {isa = PBXBuildFile; fileRef = 5609DB7D23A8DE2500C5C5A4 /* VerticalCollectionCell.swift */; };
		5609DB8023A8DE2500C5C5A4 /* VerticalCollectionCell.xib in Resources */ = {isa = PBXBuildFile; fileRef = 5609DB7E23A8DE2500C5C5A4 /* VerticalCollectionCell.xib */; };
		5609DB8223A9C08900C5C5A4 /* Popular.swift in Sources */ = {isa = PBXBuildFile; fileRef = 5609DB8123A9C08900C5C5A4 /* Popular.swift */; };
		5609DB8423A9CC1A00C5C5A4 /* BaseURL.swift in Sources */ = {isa = PBXBuildFile; fileRef = 5609DB8323A9CC1A00C5C5A4 /* BaseURL.swift */; };
		5609DB8623A9CF2600C5C5A4 /* APIServices.swift in Sources */ = {isa = PBXBuildFile; fileRef = 5609DB8523A9CF2600C5C5A4 /* APIServices.swift */; };
		5609DB8823AA111D00C5C5A4 /* Fav.storyboard in Resources */ = {isa = PBXBuildFile; fileRef = 5609DB8723AA111D00C5C5A4 /* Fav.storyboard */; };
		5609DB8A23AA13D200C5C5A4 /* Information.storyboard in Resources */ = {isa = PBXBuildFile; fileRef = 5609DB8923AA13D200C5C5A4 /* Information.storyboard */; };
		5609DB8D23AA14FB00C5C5A4 /* ViewController.swift in Sources */ = {isa = PBXBuildFile; fileRef = 5609DB8C23AA14FB00C5C5A4 /* ViewController.swift */; };
		564E4A0C23AB20FD00ABA87A /* InformationController.swift in Sources */ = {isa = PBXBuildFile; fileRef = 564E4A0B23AB20FD00ABA87A /* InformationController.swift */; };
		564E4A0E23AB213C00ABA87A /* EditControl.swift in Sources */ = {isa = PBXBuildFile; fileRef = 564E4A0D23AB213C00ABA87A /* EditControl.swift */; };
		564E4A1023AB2D6500ABA87A /* TypeInfor.swift in Sources */ = {isa = PBXBuildFile; fileRef = 564E4A0F23AB2D6500ABA87A /* TypeInfor.swift */; };
/* End PBXBuildFile section */

/* Begin PBXFileReference section */
		5609DB5A23A8D7D900C5C5A4 /* MoviesApp v.3.app */ = {isa = PBXFileReference; explicitFileType = wrapper.application; includeInIndex = 0; path = "MoviesApp v.3.app"; sourceTree = BUILT_PRODUCTS_DIR; };
		5609DB5D23A8D7D900C5C5A4 /* AppDelegate.swift */ = {isa = PBXFileReference; lastKnownFileType = sourcecode.swift; path = AppDelegate.swift; sourceTree = "<group>"; };
		5609DB5F23A8D7D900C5C5A4 /* PopularCollectionView.swift */ = {isa = PBXFileReference; lastKnownFileType = sourcecode.swift; path = PopularCollectionView.swift; sourceTree = "<group>"; };
		5609DB6223A8D7D900C5C5A4 /* Base */ = {isa = PBXFileReference; lastKnownFileType = file.storyboard; name = Base; path = Base.lproj/Main.storyboard; sourceTree = "<group>"; };
		5609DB6523A8D7D900C5C5A4 /* MoviesApp_v_3.xcdatamodel */ = {isa = PBXFileReference; lastKnownFileType = wrapper.xcdatamodel; path = MoviesApp_v_3.xcdatamodel; sourceTree = "<group>"; };
		5609DB6723A8D7DC00C5C5A4 /* Assets.xcassets */ = {isa = PBXFileReference; lastKnownFileType = folder.assetcatalog; path = Assets.xcassets; sourceTree = "<group>"; };
		5609DB6A23A8D7DC00C5C5A4 /* Base */ = {isa = PBXFileReference; lastKnownFileType = file.storyboard; name = Base; path = Base.lproj/LaunchScreen.storyboard; sourceTree = "<group>"; };
		5609DB6C23A8D7DC00C5C5A4 /* Info.plist */ = {isa = PBXFileReference; lastKnownFileType = text.plist.xml; path = Info.plist; sourceTree = "<group>"; };
		5609DB7523A8DCB000C5C5A4 /* UIView + Extension.swift */ = {isa = PBXFileReference; lastKnownFileType = sourcecode.swift; path = "UIView + Extension.swift"; sourceTree = "<group>"; };
		5609DB7923A8DDAA00C5C5A4 /* HorizontalCollectionCell.swift */ = {isa = PBXFileReference; lastKnownFileType = sourcecode.swift; path = HorizontalCollectionCell.swift; sourceTree = "<group>"; };
		5609DB7A23A8DDAA00C5C5A4 /* HorizontalCollectionCell.xib */ = {isa = PBXFileReference; lastKnownFileType = file.xib; path = HorizontalCollectionCell.xib; sourceTree = "<group>"; };
		5609DB7D23A8DE2500C5C5A4 /* VerticalCollectionCell.swift */ = {isa = PBXFileReference; lastKnownFileType = sourcecode.swift; path = VerticalCollectionCell.swift; sourceTree = "<group>"; };
		5609DB7E23A8DE2500C5C5A4 /* VerticalCollectionCell.xib */ = {isa = PBXFileReference; lastKnownFileType = file.xib; path = VerticalCollectionCell.xib; sourceTree = "<group>"; };
		5609DB8123A9C08900C5C5A4 /* Popular.swift */ = {isa = PBXFileReference; lastKnownFileType = sourcecode.swift; path = Popular.swift; sourceTree = "<group>"; };
		5609DB8323A9CC1A00C5C5A4 /* BaseURL.swift */ = {isa = PBXFileReference; lastKnownFileType = sourcecode.swift; path = BaseURL.swift; sourceTree = "<group>"; };
		5609DB8523A9CF2600C5C5A4 /* APIServices.swift */ = {isa = PBXFileReference; lastKnownFileType = sourcecode.swift; path = APIServices.swift; sourceTree = "<group>"; };
		5609DB8723AA111D00C5C5A4 /* Fav.storyboard */ = {isa = PBXFileReference; lastKnownFileType = file.storyboard; path = Fav.storyboard; sourceTree = "<group>"; };
		5609DB8923AA13D200C5C5A4 /* Information.storyboard */ = {isa = PBXFileReference; lastKnownFileType = file.storyboard; path = Information.storyboard; sourceTree = "<group>"; };
		5609DB8C23AA14FB00C5C5A4 /* ViewController.swift */ = {isa = PBXFileReference; lastKnownFileType = sourcecode.swift; path = ViewController.swift; sourceTree = "<group>"; };
		564E4A0B23AB20FD00ABA87A /* InformationController.swift */ = {isa = PBXFileReference; lastKnownFileType = sourcecode.swift; path = InformationController.swift; sourceTree = "<group>"; };
		564E4A0D23AB213C00ABA87A /* EditControl.swift */ = {isa = PBXFileReference; lastKnownFileType = sourcecode.swift; path = EditControl.swift; sourceTree = "<group>"; };
		564E4A0F23AB2D6500ABA87A /* TypeInfor.swift */ = {isa = PBXFileReference; lastKnownFileType = sourcecode.swift; path = TypeInfor.swift; sourceTree = "<group>"; };
/* End PBXFileReference section */

/* Begin PBXFrameworksBuildPhase section */
		5609DB5723A8D7D900C5C5A4 /* Frameworks */ = {
			isa = PBXFrameworksBuildPhase;
			buildActionMask = 2147483647;
			files = (
			);
			runOnlyForDeploymentPostprocessing = 0;
		};
/* End PBXFrameworksBuildPhase section */

/* Begin PBXGroup section */
		5609DB5123A8D7D900C5C5A4 = {
			isa = PBXGroup;
			children = (
				5609DB5C23A8D7D900C5C5A4 /* MoviesApp v.3 */,
				5609DB5B23A8D7D900C5C5A4 /* Products */,
			);
			sourceTree = "<group>";
		};
		5609DB5B23A8D7D900C5C5A4 /* Products */ = {
			isa = PBXGroup;
			children = (
				5609DB5A23A8D7D900C5C5A4 /* MoviesApp v.3.app */,
			);
			name = Products;
			sourceTree = "<group>";
		};
		5609DB5C23A8D7D900C5C5A4 /* MoviesApp v.3 */ = {
			isa = PBXGroup;
			children = (
				5609DB5D23A8D7D900C5C5A4 /* AppDelegate.swift */,
				5609DB7223A8DC5700C5C5A4 /* Controller */,
				5609DB7323A8DC6800C5C5A4 /* Cell */,
				5609DB7723A8DCC500C5C5A4 /* Model */,
				5609DB7823A8DCD100C5C5A4 /* Network */,
				5609DB7423A8DC9300C5C5A4 /* Support File */,
				5609DB8B23AA14A400C5C5A4 /* Storyboard */,
				5609DB6723A8D7DC00C5C5A4 /* Assets.xcassets */,
				5609DB6923A8D7DC00C5C5A4 /* LaunchScreen.storyboard */,
				5609DB6C23A8D7DC00C5C5A4 /* Info.plist */,
				5609DB6423A8D7D900C5C5A4 /* MoviesApp_v_3.xcdatamodeld */,
			);
			path = "MoviesApp v.3";
			sourceTree = "<group>";
		};
		5609DB7223A8DC5700C5C5A4 /* Controller */ = {
			isa = PBXGroup;
			children = (
				564E4A0923AB20B500ABA87A /* MainControl */,
				564E4A0A23AB20C800ABA87A /* InformationControl */,
			);
			path = Controller;
			sourceTree = "<group>";
		};
		5609DB7323A8DC6800C5C5A4 /* Cell */ = {
			isa = PBXGroup;
			children = (
				5609DB7923A8DDAA00C5C5A4 /* HorizontalCollectionCell.swift */,
				5609DB7A23A8DDAA00C5C5A4 /* HorizontalCollectionCell.xib */,
				5609DB7D23A8DE2500C5C5A4 /* VerticalCollectionCell.swift */,
				5609DB7E23A8DE2500C5C5A4 /* VerticalCollectionCell.xib */,
			);
			path = Cell;
			sourceTree = "<group>";
		};
		5609DB7423A8DC9300C5C5A4 /* Support File */ = {
			isa = PBXGroup;
			children = (
				5609DB7523A8DCB000C5C5A4 /* UIView + Extension.swift */,
			);
			path = "Support File";
			sourceTree = "<group>";
		};
		5609DB7723A8DCC500C5C5A4 /* Model */ = {
			isa = PBXGroup;
			children = (
				5609DB8123A9C08900C5C5A4 /* Popular.swift */,
				564E4A0F23AB2D6500ABA87A /* TypeInfor.swift */,
				5609DB8323A9CC1A00C5C5A4 /* BaseURL.swift */,
			);
			path = Model;
			sourceTree = "<group>";
		};
		5609DB7823A8DCD100C5C5A4 /* Network */ = {
			isa = PBXGroup;
			children = (
				5609DB8523A9CF2600C5C5A4 /* APIServices.swift */,
			);
			path = Network;
			sourceTree = "<group>";
		};
		5609DB8B23AA14A400C5C5A4 /* Storyboard */ = {
			isa = PBXGroup;
			children = (
				5609DB6123A8D7D900C5C5A4 /* Main.storyboard */,
				5609DB8723AA111D00C5C5A4 /* Fav.storyboard */,
				5609DB8923AA13D200C5C5A4 /* Information.storyboard */,
			);
			path = Storyboard;
			sourceTree = "<group>";
		};
		564E4A0923AB20B500ABA87A /* MainControl */ = {
			isa = PBXGroup;
			children = (
				5609DB5F23A8D7D900C5C5A4 /* PopularCollectionView.swift */,
				5609DB8C23AA14FB00C5C5A4 /* ViewController.swift */,
			);
			path = MainControl;
			sourceTree = "<group>";
		};
		564E4A0A23AB20C800ABA87A /* InformationControl */ = {
			isa = PBXGroup;
			children = (
				564E4A0B23AB20FD00ABA87A /* InformationController.swift */,
				564E4A0D23AB213C00ABA87A /* EditControl.swift */,
			);
			path = InformationControl;
			sourceTree = "<group>";
		};
/* End PBXGroup section */

/* Begin PBXNativeTarget section */
		5609DB5923A8D7D900C5C5A4 /* MoviesApp v.3 */ = {
			isa = PBXNativeTarget;
			buildConfigurationList = 5609DB6F23A8D7DC00C5C5A4 /* Build configuration list for PBXNativeTarget "MoviesApp v.3" */;
			buildPhases = (
				5609DB5623A8D7D900C5C5A4 /* Sources */,
				5609DB5723A8D7D900C5C5A4 /* Frameworks */,
				5609DB5823A8D7D900C5C5A4 /* Resources */,
			);
			buildRules = (
			);
			dependencies = (
			);
			name = "MoviesApp v.3";
			productName = "MoviesApp v.3";
			productReference = 5609DB5A23A8D7D900C5C5A4 /* MoviesApp v.3.app */;
			productType = "com.apple.product-type.application";
		};
/* End PBXNativeTarget section */

/* Begin PBXProject section */
		5609DB5223A8D7D900C5C5A4 /* Project object */ = {
			isa = PBXProject;
			attributes = {
				LastSwiftUpdateCheck = 1010;
				LastUpgradeCheck = 1010;
				ORGANIZATIONNAME = VuTQ10;
				TargetAttributes = {
					5609DB5923A8D7D900C5C5A4 = {
						CreatedOnToolsVersion = 10.1;
					};
				};
			};
			buildConfigurationList = 5609DB5523A8D7D900C5C5A4 /* Build configuration list for PBXProject "MoviesApp v.3" */;
			compatibilityVersion = "Xcode 9.3";
			developmentRegion = en;
			hasScannedForEncodings = 0;
			knownRegions = (
				en,
				Base,
			);
			mainGroup = 5609DB5123A8D7D900C5C5A4;
			productRefGroup = 5609DB5B23A8D7D900C5C5A4 /* Products */;
			projectDirPath = "";
			projectRoot = "";
			targets = (
				5609DB5923A8D7D900C5C5A4 /* MoviesApp v.3 */,
			);
		};
/* End PBXProject section */

/* Begin PBXResourcesBuildPhase section */
		5609DB5823A8D7D900C5C5A4 /* Resources */ = {
			isa = PBXResourcesBuildPhase;
			buildActionMask = 2147483647;
			files = (
				5609DB6B23A8D7DC00C5C5A4 /* LaunchScreen.storyboard in Resources */,
				5609DB8023A8DE2500C5C5A4 /* VerticalCollectionCell.xib in Resources */,
				5609DB6823A8D7DC00C5C5A4 /* Assets.xcassets in Resources */,
				5609DB8A23AA13D200C5C5A4 /* Information.storyboard in Resources */,
				5609DB6323A8D7D900C5C5A4 /* Main.storyboard in Resources */,
				5609DB8823AA111D00C5C5A4 /* Fav.storyboard in Resources */,
				5609DB7C23A8DDAA00C5C5A4 /* HorizontalCollectionCell.xib in Resources */,
			);
			runOnlyForDeploymentPostprocessing = 0;
		};
/* End PBXResourcesBuildPhase section */

/* Begin PBXSourcesBuildPhase section */
		5609DB5623A8D7D900C5C5A4 /* Sources */ = {
			isa = PBXSourcesBuildPhase;
			buildActionMask = 2147483647;
			files = (
				5609DB8D23AA14FB00C5C5A4 /* ViewController.swift in Sources */,
				564E4A1023AB2D6500ABA87A /* TypeInfor.swift in Sources */,
				5609DB7B23A8DDAA00C5C5A4 /* HorizontalCollectionCell.swift in Sources */,
				5609DB7623A8DCB000C5C5A4 /* UIView + Extension.swift in Sources */,
				564E4A0C23AB20FD00ABA87A /* InformationController.swift in Sources */,
				5609DB6023A8D7D900C5C5A4 /* PopularCollectionView.swift in Sources */,
				5609DB5E23A8D7D900C5C5A4 /* AppDelegate.swift in Sources */,
				5609DB8223A9C08900C5C5A4 /* Popular.swift in Sources */,
				564E4A0E23AB213C00ABA87A /* EditControl.swift in Sources */,
				5609DB6623A8D7D900C5C5A4 /* MoviesApp_v_3.xcdatamodeld in Sources */,
				5609DB8423A9CC1A00C5C5A4 /* BaseURL.swift in Sources */,
				5609DB7F23A8DE2500C5C5A4 /* VerticalCollectionCell.swift in Sources */,
				5609DB8623A9CF2600C5C5A4 /* APIServices.swift in Sources */,
			);
			runOnlyForDeploymentPostprocessing = 0;
		};
/* End PBXSourcesBuildPhase section */

/* Begin PBXVariantGroup section */
		5609DB6123A8D7D900C5C5A4 /* Main.storyboard */ = {
			isa = PBXVariantGroup;
			children = (
				5609DB6223A8D7D900C5C5A4 /* Base */,
			);
			name = Main.storyboard;
			sourceTree = "<group>";
		};
		5609DB6923A8D7DC00C5C5A4 /* LaunchScreen.storyboard */ = {
			isa = PBXVariantGroup;
			children = (
				5609DB6A23A8D7DC00C5C5A4 /* Base */,
			);
			name = LaunchScreen.storyboard;
			sourceTree = "<group>";
		};
/* End PBXVariantGroup section */

/* Begin XCBuildConfiguration section */
		5609DB6D23A8D7DC00C5C5A4 /* Debug */ = {
			isa = XCBuildConfiguration;
			buildSettings = {
				ALWAYS_SEARCH_USER_PATHS = NO;
				CLANG_ANALYZER_NONNULL = YES;
				CLANG_ANALYZER_NUMBER_OBJECT_CONVERSION = YES_AGGRESSIVE;
				CLANG_CXX_LANGUAGE_STANDARD = "gnu++14";
				CLANG_CXX_LIBRARY = "libc++";
				CLANG_ENABLE_MODULES = YES;
				CLANG_ENABLE_OBJC_ARC = YES;
				CLANG_ENABLE_OBJC_WEAK = YES;
				CLANG_WARN_BLOCK_CAPTURE_AUTORELEASING = YES;
				CLANG_WARN_BOOL_CONVERSION = YES;
				CLANG_WARN_COMMA = YES;
				CLANG_WARN_CONSTANT_CONVERSION = YES;
				CLANG_WARN_DEPRECATED_OBJC_IMPLEMENTATIONS = YES;
				CLANG_WARN_DIRECT_OBJC_ISA_USAGE = YES_ERROR;
				CLANG_WARN_DOCUMENTATION_COMMENTS = YES;
				CLANG_WARN_EMPTY_BODY = YES;
				CLANG_WARN_ENUM_CONVERSION = YES;
				CLANG_WARN_INFINITE_RECURSION = YES;
				CLANG_WARN_INT_CONVERSION = YES;
				CLANG_WARN_NON_LITERAL_NULL_CONVERSION = YES;
				CLANG_WARN_OBJC_IMPLICIT_RETAIN_SELF = YES;
				CLANG_WARN_OBJC_LITERAL_CONVERSION = YES;
				CLANG_WARN_OBJC_ROOT_CLASS = YES_ERROR;
				CLANG_WARN_RANGE_LOOP_ANALYSIS = YES;
				CLANG_WARN_STRICT_PROTOTYPES = YES;
				CLANG_WARN_SUSPICIOUS_MOVE = YES;
				CLANG_WARN_UNGUARDED_AVAILABILITY = YES_AGGRESSIVE;
				CLANG_WARN_UNREACHABLE_CODE = YES;
				CLANG_WARN__DUPLICATE_METHOD_MATCH = YES;
				CODE_SIGN_IDENTITY = "iPhone Developer";
				COPY_PHASE_STRIP = NO;
				DEBUG_INFORMATION_FORMAT = dwarf;
				ENABLE_STRICT_OBJC_MSGSEND = YES;
				ENABLE_TESTABILITY = YES;
				GCC_C_LANGUAGE_STANDARD = gnu11;
				GCC_DYNAMIC_NO_PIC = NO;
				GCC_NO_COMMON_BLOCKS = YES;
				GCC_OPTIMIZATION_LEVEL = 0;
				GCC_PREPROCESSOR_DEFINITIONS = (
					"DEBUG=1",
					"$(inherited)",
				);
				GCC_WARN_64_TO_32_BIT_CONVERSION = YES;
				GCC_WARN_ABOUT_RETURN_TYPE = YES_ERROR;
				GCC_WARN_UNDECLARED_SELECTOR = YES;
				GCC_WARN_UNINITIALIZED_AUTOS = YES_AGGRESSIVE;
				GCC_WARN_UNUSED_FUNCTION = YES;
				GCC_WARN_UNUSED_VARIABLE = YES;
				IPHONEOS_DEPLOYMENT_TARGET = 12.1;
				MTL_ENABLE_DEBUG_INFO = INCLUDE_SOURCE;
				MTL_FAST_MATH = YES;
				ONLY_ACTIVE_ARCH = YES;
				SDKROOT = iphoneos;
				SWIFT_ACTIVE_COMPILATION_CONDITIONS = DEBUG;
				SWIFT_OPTIMIZATION_LEVEL = "-Onone";
			};
			name = Debug;
		};
		5609DB6E23A8D7DC00C5C5A4 /* Release */ = {
			isa = XCBuildConfiguration;
			buildSettings = {
				ALWAYS_SEARCH_USER_PATHS = NO;
				CLANG_ANALYZER_NONNULL = YES;
				CLANG_ANALYZER_NUMBER_OBJECT_CONVERSION = YES_AGGRESSIVE;
				CLANG_CXX_LANGUAGE_STANDARD = "gnu++14";
				CLANG_CXX_LIBRARY = "libc++";
				CLANG_ENABLE_MODULES = YES;
				CLANG_ENABLE_OBJC_ARC = YES;
				CLANG_ENABLE_OBJC_WEAK = YES;
				CLANG_WARN_BLOCK_CAPTURE_AUTORELEASING = YES;
				CLANG_WARN_BOOL_CONVERSION = YES;
				CLANG_WARN_COMMA = YES;
				CLANG_WARN_CONSTANT_CONVERSION = YES;
				CLANG_WARN_DEPRECATED_OBJC_IMPLEMENTATIONS = YES;
				CLANG_WARN_DIRECT_OBJC_ISA_USAGE = YES_ERROR;
				CLANG_WARN_DOCUMENTATION_COMMENTS = YES;
				CLANG_WARN_EMPTY_BODY = YES;
				CLANG_WARN_ENUM_CONVERSION = YES;
				CLANG_WARN_INFINITE_RECURSION = YES;
				CLANG_WARN_INT_CONVERSION = YES;
				CLANG_WARN_NON_LITERAL_NULL_CONVERSION = YES;
				CLANG_WARN_OBJC_IMPLICIT_RETAIN_SELF = YES;
				CLANG_WARN_OBJC_LITERAL_CONVERSION = YES;
				CLANG_WARN_OBJC_ROOT_CLASS = YES_ERROR;
				CLANG_WARN_RANGE_LOOP_ANALYSIS = YES;
				CLANG_WARN_STRICT_PROTOTYPES = YES;
				CLANG_WARN_SUSPICIOUS_MOVE = YES;
				CLANG_WARN_UNGUARDED_AVAILABILITY = YES_AGGRESSIVE;
				CLANG_WARN_UNREACHABLE_CODE = YES;
				CLANG_WARN__DUPLICATE_METHOD_MATCH = YES;
				CODE_SIGN_IDENTITY = "iPhone Developer";
				COPY_PHASE_STRIP = NO;
				DEBUG_INFORMATION_FORMAT = "dwarf-with-dsym";
				ENABLE_NS_ASSERTIONS = NO;
				ENABLE_STRICT_OBJC_MSGSEND = YES;
				GCC_C_LANGUAGE_STANDARD = gnu11;
				GCC_NO_COMMON_BLOCKS = YES;
				GCC_WARN_64_TO_32_BIT_CONVERSION = YES;
				GCC_WARN_ABOUT_RETURN_TYPE = YES_ERROR;
				GCC_WARN_UNDECLARED_SELECTOR = YES;
				GCC_WARN_UNINITIALIZED_AUTOS = YES_AGGRESSIVE;
				GCC_WARN_UNUSED_FUNCTION = YES;
				GCC_WARN_UNUSED_VARIABLE = YES;
				IPHONEOS_DEPLOYMENT_TARGET = 12.1;
				MTL_ENABLE_DEBUG_INFO = NO;
				MTL_FAST_MATH = YES;
				SDKROOT = iphoneos;
				SWIFT_COMPILATION_MODE = wholemodule;
				SWIFT_OPTIMIZATION_LEVEL = "-O";
				VALIDATE_PRODUCT = YES;
			};
			name = Release;
		};
		5609DB7023A8D7DC00C5C5A4 /* Debug */ = {
			isa = XCBuildConfiguration;
			buildSettings = {
				ASSETCATALOG_COMPILER_APPICON_NAME = AppIcon;
				CODE_SIGN_STYLE = Automatic;
				INFOPLIST_FILE = "MoviesApp v.3/Info.plist";
				LD_RUNPATH_SEARCH_PATHS = (
					"$(inherited)",
					"@executable_path/Frameworks",
				);
				PRODUCT_BUNDLE_IDENTIFIER = "-.MoviesApp-v-3";
				PRODUCT_NAME = "$(TARGET_NAME)";
				SWIFT_VERSION = 4.2;
				TARGETED_DEVICE_FAMILY = "1,2";
			};
			name = Debug;
		};
		5609DB7123A8D7DC00C5C5A4 /* Release */ = {
			isa = XCBuildConfiguration;
			buildSettings = {
				ASSETCATALOG_COMPILER_APPICON_NAME = AppIcon;
				CODE_SIGN_STYLE = Automatic;
				INFOPLIST_FILE = "MoviesApp v.3/Info.plist";
				LD_RUNPATH_SEARCH_PATHS = (
					"$(inherited)",
					"@executable_path/Frameworks",
				);
				PRODUCT_BUNDLE_IDENTIFIER = "-.MoviesApp-v-3";
				PRODUCT_NAME = "$(TARGET_NAME)";
				SWIFT_VERSION = 4.2;
				TARGETED_DEVICE_FAMILY = "1,2";
			};
			name = Release;
		};
/* End XCBuildConfiguration section */

/* Begin XCConfigurationList section */
		5609DB5523A8D7D900C5C5A4 /* Build configuration list for PBXProject "MoviesApp v.3" */ = {
			isa = XCConfigurationList;
			buildConfigurations = (
				5609DB6D23A8D7DC00C5C5A4 /* Debug */,
				5609DB6E23A8D7DC00C5C5A4 /* Release */,
			);
			defaultConfigurationIsVisible = 0;
			defaultConfigurationName = Release;
		};
		5609DB6F23A8D7DC00C5C5A4 /* Build configuration list for PBXNativeTarget "MoviesApp v.3" */ = {
			isa = XCConfigurationList;
			buildConfigurations = (
				5609DB7023A8D7DC00C5C5A4 /* Debug */,
				5609DB7123A8D7DC00C5C5A4 /* Release */,
			);
			defaultConfigurationIsVisible = 0;
			defaultConfigurationName = Release;
		};
/* End XCConfigurationList section */

/* Begin XCVersionGroup section */
		5609DB6423A8D7D900C5C5A4 /* MoviesApp_v_3.xcdatamodeld */ = {
			isa = XCVersionGroup;
			children = (
				5609DB6523A8D7D900C5C5A4 /* MoviesApp_v_3.xcdatamodel */,
			);
			currentVersion = 5609DB6523A8D7D900C5C5A4 /* MoviesApp_v_3.xcdatamodel */;
			path = MoviesApp_v_3.xcdatamodeld;
			sourceTree = "<group>";
			versionGroupType = wrapper.xcdatamodel;
		};
/* End XCVersionGroup section */
	};
	rootObject = 5609DB5223A8D7D900C5C5A4 /* Project object */;
}
